
Microsoft Visual Studio Solution File, Format Version 9.00
# Visual Studio 2005
Project("{FAE04EC0-301F-11D3-BF4B-00C04F79EFBC}") = "Hydrocyclone1", "Hydrocyclone1.csproj", "{56644BF6-D0A3-4643-B163-6CD4BE330542}"
EndProject
Global
	GlobalSection(SolutionConfigurationPlatforms) = preSolution
		Debug|Any CPU = Debug|Any CPU
		Release|Any CPU = Release|Any CPU
	EndGlobalSection
	GlobalSection(ProjectConfigurationPlatforms) = postSolution
		{56644BF6-D0A3-4643-B163-6CD4BE330542}.Debug|Any CPU.ActiveCfg = Debug|Any CPU
		{56644BF6-D0A3-4643-B163-6CD4BE330542}.Debug|Any CPU.Build.0 = Debug|Any CPU
		{56644BF6-D0A3-4643-B163-6CD4BE330542}.Release|Any CPU.ActiveCfg = Release|Any CPU
		{56644BF6-D0A3-4643-B163-6CD4BE330542}.Release|Any CPU.Build.0 = Release|Any CPU
	EndGlobalSection
	GlobalSection(SolutionProperties) = preSolution
		HideSolutionNode = FALSE
	EndGlobalSection
EndGlobal
